{
  "name": "sqldom",
  "version": "1.0.0",
  "lockfileVersion": 3,
  "requires": true,
  "packages": {
    "": {
      "name": "sqldom",
      "version": "1.0.0",
      "license": "MIT",
      "dependencies": {
        "node-sql-parser": "^4.10.0"
      }
    },
    "node_modules/big-integer": {
      "version": "1.6.51",
      "resolved": "https://registry.npmjs.org/big-integer/-/big-integer-1.6.51.tgz",
      "integrity": "sha512-GPEid2Y9QU1Exl1rpO9B2IPJGHPSupF5GnVIP0blYvNOMer2bTvSWs1jGOUg04hTmu67nmLsQ9TBo1puaotBHg==",
      "engines": {
        "node": ">=0.6"
      }
    },
    "node_modules/node-sql-parser": {
      "version": "4.10.0",
      "resolved": "https://registry.npmjs.org/node-sql-parser/-/node-sql-parser-4.10.0.tgz",
      "integrity": "sha512-P4LZNX8drf+0X5zPtcE5o1SV7Wn4VpTGSYOnN8uY+TswtHrg3ymb193tYpF8EMp2LhGqqDUqTAnCr8hqjN3uQw==",
      "dependencies": {
        "big-integer": "^1.6.48"
      },
      "engines": {
        "node": ">=8"
      }
    }
  }
}
